// !$*UTF8*$!
{
	archiveVersion = 1;
	classes = {
	};
	objectVersion = 50;
	objects = {

/* Begin PBXBuildFile section */
		500BD54A2413871C000729E9 /* TagCell.swift in Sources */ = {isa = PBXBuildFile; fileRef = 500BD5482413871C000729E9 /* TagCell.swift */; };
		500BD54B2413871C000729E9 /* TagCell.xib in Resources */ = {isa = PBXBuildFile; fileRef = 500BD5492413871C000729E9 /* TagCell.xib */; };
		503D92932411221300808B38 /* DetailViewController+TableViewDataSource.swift in Sources */ = {isa = PBXBuildFile; fileRef = 503D92922411221300808B38 /* DetailViewController+TableViewDataSource.swift */; };
		503D92952411375600808B38 /* Answer.swift in Sources */ = {isa = PBXBuildFile; fileRef = 503D92942411375600808B38 /* Answer.swift */; };
		503D929724114BE700808B38 /* AnswersTableViewCellModel.swift in Sources */ = {isa = PBXBuildFile; fileRef = 503D929624114BE700808B38 /* AnswersTableViewCellModel.swift */; };
		503D929924122D7700808B38 /* DetailViewController+TableViewDelegate.swift in Sources */ = {isa = PBXBuildFile; fileRef = 503D929824122D7700808B38 /* DetailViewController+TableViewDelegate.swift */; };
		503D929F24122FA900808B38 /* ProfileViewController.swift in Sources */ = {isa = PBXBuildFile; fileRef = 503D929E24122FA900808B38 /* ProfileViewController.swift */; };
		503D92A12412416600808B38 /* AnswerInfo.swift in Sources */ = {isa = PBXBuildFile; fileRef = 503D92A02412416600808B38 /* AnswerInfo.swift */; };
		503D92A32412435E00808B38 /* User.swift in Sources */ = {isa = PBXBuildFile; fileRef = 503D92A22412435E00808B38 /* User.swift */; };
		509D5424240FA1530095A91F /* AppDelegate.swift in Sources */ = {isa = PBXBuildFile; fileRef = 509D5423240FA1530095A91F /* AppDelegate.swift */; };
		509D5426240FA1530095A91F /* SceneDelegate.swift in Sources */ = {isa = PBXBuildFile; fileRef = 509D5425240FA1530095A91F /* SceneDelegate.swift */; };
		509D5428240FA1530095A91F /* ViewController.swift in Sources */ = {isa = PBXBuildFile; fileRef = 509D5427240FA1530095A91F /* ViewController.swift */; };
		509D542B240FA1530095A91F /* Main.storyboard in Resources */ = {isa = PBXBuildFile; fileRef = 509D5429240FA1530095A91F /* Main.storyboard */; };
		509D542E240FA1530095A91F /* StackOverflowLite.xcdatamodeld in Sources */ = {isa = PBXBuildFile; fileRef = 509D542C240FA1530095A91F /* StackOverflowLite.xcdatamodeld */; };
		509D5430240FA1550095A91F /* Assets.xcassets in Resources */ = {isa = PBXBuildFile; fileRef = 509D542F240FA1550095A91F /* Assets.xcassets */; };
		509D5433240FA1550095A91F /* LaunchScreen.storyboard in Resources */ = {isa = PBXBuildFile; fileRef = 509D5431240FA1550095A91F /* LaunchScreen.storyboard */; };
		509D543B240FA1D10095A91F /* ViewControllerViewModel.swift in Sources */ = {isa = PBXBuildFile; fileRef = 509D543A240FA1D10095A91F /* ViewControllerViewModel.swift */; };
		509D5441240FB17F0095A91F /* CustomCollectionViewCell.swift in Sources */ = {isa = PBXBuildFile; fileRef = 509D5440240FB17F0095A91F /* CustomCollectionViewCell.swift */; };
		509D5443240FB2260095A91F /* CustomCollectionViewLayout.swift in Sources */ = {isa = PBXBuildFile; fileRef = 509D5442240FB2260095A91F /* CustomCollectionViewLayout.swift */; };
		509D5456240FDFBC0095A91F /* InspirationCell.swift in Sources */ = {isa = PBXBuildFile; fileRef = 509D5455240FDFBC0095A91F /* InspirationCell.swift */; };
		509D5459240FE0B80095A91F /* UIColor+Palette.swift in Sources */ = {isa = PBXBuildFile; fileRef = 509D5457240FE0B70095A91F /* UIColor+Palette.swift */; };
		509D545A240FE0B80095A91F /* UIImage+Decompression.swift in Sources */ = {isa = PBXBuildFile; fileRef = 509D5458240FE0B70095A91F /* UIImage+Decompression.swift */; };
		509D5462241007E70095A91F /* EndpointType.swift in Sources */ = {isa = PBXBuildFile; fileRef = 509D545F241007E70095A91F /* EndpointType.swift */; };
		509D5463241007E70095A91F /* StackOverflowAPI.swift in Sources */ = {isa = PBXBuildFile; fileRef = 509D5460241007E70095A91F /* StackOverflowAPI.swift */; };
		509D5464241007E70095A91F /* Networking.swift in Sources */ = {isa = PBXBuildFile; fileRef = 509D5461241007E70095A91F /* Networking.swift */; };
		509D5466241009900095A91F /* Question.swift in Sources */ = {isa = PBXBuildFile; fileRef = 509D5465241009900095A91F /* Question.swift */; };
		509D546824100A490095A91F /* Response.swift in Sources */ = {isa = PBXBuildFile; fileRef = 509D546724100A490095A91F /* Response.swift */; };
		509D546A24100D5A0095A91F /* QuestionsColletionViewCellModel.swift in Sources */ = {isa = PBXBuildFile; fileRef = 509D546924100D5A0095A91F /* QuestionsColletionViewCellModel.swift */; };
		50FD42B02410E16800CBF467 /* DetailViewController.swift in Sources */ = {isa = PBXBuildFile; fileRef = 50FD42AF2410E16800CBF467 /* DetailViewController.swift */; };
		50FD42B52410F49F00CBF467 /* AnswerCell.swift in Sources */ = {isa = PBXBuildFile; fileRef = 50FD42B32410F49F00CBF467 /* AnswerCell.swift */; };
		50FD42B62410F49F00CBF467 /* AnswerCell.xib in Resources */ = {isa = PBXBuildFile; fileRef = 50FD42B42410F49F00CBF467 /* AnswerCell.xib */; };
/* End PBXBuildFile section */

/* Begin PBXFileReference section */
		500BD5482413871C000729E9 /* TagCell.swift */ = {isa = PBXFileReference; lastKnownFileType = sourcecode.swift; path = TagCell.swift; sourceTree = "<group>"; };
		500BD5492413871C000729E9 /* TagCell.xib */ = {isa = PBXFileReference; lastKnownFileType = file.xib; path = TagCell.xib; sourceTree = "<group>"; };
		503D92922411221300808B38 /* DetailViewController+TableViewDataSource.swift */ = {isa = PBXFileReference; lastKnownFileType = sourcecode.swift; path = "DetailViewController+TableViewDataSource.swift"; sourceTree = "<group>"; };
		503D92942411375600808B38 /* Answer.swift */ = {isa = PBXFileReference; lastKnownFileType = sourcecode.swift; path = Answer.swift; sourceTree = "<group>"; };
		503D929624114BE700808B38 /* AnswersTableViewCellModel.swift */ = {isa = PBXFileReference; lastKnownFileType = sourcecode.swift; path = AnswersTableViewCellModel.swift; sourceTree = "<group>"; };
		503D929824122D7700808B38 /* DetailViewController+TableViewDelegate.swift */ = {isa = PBXFileReference; lastKnownFileType = sourcecode.swift; path = "DetailViewController+TableViewDelegate.swift"; sourceTree = "<group>"; };
		503D929E24122FA900808B38 /* ProfileViewController.swift */ = {isa = PBXFileReference; lastKnownFileType = sourcecode.swift; path = ProfileViewController.swift; sourceTree = "<group>"; };
		503D92A02412416600808B38 /* AnswerInfo.swift */ = {isa = PBXFileReference; lastKnownFileType = sourcecode.swift; path = AnswerInfo.swift; sourceTree = "<group>"; };
		503D92A22412435E00808B38 /* User.swift */ = {isa = PBXFileReference; lastKnownFileType = sourcecode.swift; path = User.swift; sourceTree = "<group>"; };
		509D5420240FA1530095A91F /* StackOverflowLite.app */ = {isa = PBXFileReference; explicitFileType = wrapper.application; includeInIndex = 0; path = StackOverflowLite.app; sourceTree = BUILT_PRODUCTS_DIR; };
		509D5423240FA1530095A91F /* AppDelegate.swift */ = {isa = PBXFileReference; lastKnownFileType = sourcecode.swift; path = AppDelegate.swift; sourceTree = "<group>"; };
		509D5425240FA1530095A91F /* SceneDelegate.swift */ = {isa = PBXFileReference; lastKnownFileType = sourcecode.swift; path = SceneDelegate.swift; sourceTree = "<group>"; };
		509D5427240FA1530095A91F /* ViewController.swift */ = {isa = PBXFileReference; lastKnownFileType = sourcecode.swift; path = ViewController.swift; sourceTree = "<group>"; };
		509D542A240FA1530095A91F /* Base */ = {isa = PBXFileReference; lastKnownFileType = file.storyboard; name = Base; path = Base.lproj/Main.storyboard; sourceTree = "<group>"; };
		509D542D240FA1530095A91F /* StackOverflowLite.xcdatamodel */ = {isa = PBXFileReference; lastKnownFileType = wrapper.xcdatamodel; path = StackOverflowLite.xcdatamodel; sourceTree = "<group>"; };
		509D542F240FA1550095A91F /* Assets.xcassets */ = {isa = PBXFileReference; lastKnownFileType = folder.assetcatalog; path = Assets.xcassets; sourceTree = "<group>"; };
		509D5432240FA1550095A91F /* Base */ = {isa = PBXFileReference; lastKnownFileType = file.storyboard; name = Base; path = Base.lproj/LaunchScreen.storyboard; sourceTree = "<group>"; };
		509D5434240FA1550095A91F /* Info.plist */ = {isa = PBXFileReference; lastKnownFileType = text.plist.xml; path = Info.plist; sourceTree = "<group>"; };
		509D543A240FA1D10095A91F /* ViewControllerViewModel.swift */ = {isa = PBXFileReference; lastKnownFileType = sourcecode.swift; path = ViewControllerViewModel.swift; sourceTree = "<group>"; };
		509D5440240FB17F0095A91F /* CustomCollectionViewCell.swift */ = {isa = PBXFileReference; lastKnownFileType = sourcecode.swift; path = CustomCollectionViewCell.swift; sourceTree = "<group>"; };
		509D5442240FB2260095A91F /* CustomCollectionViewLayout.swift */ = {isa = PBXFileReference; lastKnownFileType = sourcecode.swift; path = CustomCollectionViewLayout.swift; sourceTree = "<group>"; };
		509D5455240FDFBC0095A91F /* InspirationCell.swift */ = {isa = PBXFileReference; fileEncoding = 4; lastKnownFileType = sourcecode.swift; path = InspirationCell.swift; sourceTree = "<group>"; };
		509D5457240FE0B70095A91F /* UIColor+Palette.swift */ = {isa = PBXFileReference; fileEncoding = 4; lastKnownFileType = sourcecode.swift; path = "UIColor+Palette.swift"; sourceTree = "<group>"; };
		509D5458240FE0B70095A91F /* UIImage+Decompression.swift */ = {isa = PBXFileReference; fileEncoding = 4; lastKnownFileType = sourcecode.swift; path = "UIImage+Decompression.swift"; sourceTree = "<group>"; };
		509D545F241007E70095A91F /* EndpointType.swift */ = {isa = PBXFileReference; fileEncoding = 4; lastKnownFileType = sourcecode.swift; path = EndpointType.swift; sourceTree = "<group>"; };
		509D5460241007E70095A91F /* StackOverflowAPI.swift */ = {isa = PBXFileReference; fileEncoding = 4; lastKnownFileType = sourcecode.swift; path = StackOverflowAPI.swift; sourceTree = "<group>"; };
		509D5461241007E70095A91F /* Networking.swift */ = {isa = PBXFileReference; fileEncoding = 4; lastKnownFileType = sourcecode.swift; path = Networking.swift; sourceTree = "<group>"; };
		509D5465241009900095A91F /* Question.swift */ = {isa = PBXFileReference; lastKnownFileType = sourcecode.swift; path = Question.swift; sourceTree = "<group>"; };
		509D546724100A490095A91F /* Response.swift */ = {isa = PBXFileReference; fileEncoding = 4; lastKnownFileType = sourcecode.swift; path = Response.swift; sourceTree = "<group>"; };
		509D546924100D5A0095A91F /* QuestionsColletionViewCellModel.swift */ = {isa = PBXFileReference; fileEncoding = 4; lastKnownFileType = sourcecode.swift; path = QuestionsColletionViewCellModel.swift; sourceTree = "<group>"; };
		50FD42AF2410E16800CBF467 /* DetailViewController.swift */ = {isa = PBXFileReference; lastKnownFileType = sourcecode.swift; path = DetailViewController.swift; sourceTree = "<group>"; };
		50FD42B32410F49F00CBF467 /* AnswerCell.swift */ = {isa = PBXFileReference; lastKnownFileType = sourcecode.swift; path = AnswerCell.swift; sourceTree = "<group>"; };
		50FD42B42410F49F00CBF467 /* AnswerCell.xib */ = {isa = PBXFileReference; lastKnownFileType = file.xib; path = AnswerCell.xib; sourceTree = "<group>"; };
/* End PBXFileReference section */

/* Begin PBXFrameworksBuildPhase section */
		509D541D240FA1530095A91F /* Frameworks */ = {
			isa = PBXFrameworksBuildPhase;
			buildActionMask = 2147483647;
			files = (
			);
			runOnlyForDeploymentPostprocessing = 0;
		};
/* End PBXFrameworksBuildPhase section */

/* Begin PBXGroup section */
		503D929A24122EC400808B38 /* ViewControllers */ = {
			isa = PBXGroup;
			children = (
				509D5427240FA1530095A91F /* ViewController.swift */,
				50FD42AF2410E16800CBF467 /* DetailViewController.swift */,
				503D929E24122FA900808B38 /* ProfileViewController.swift */,
			);
			path = ViewControllers;
			sourceTree = "<group>";
		};
		503D929B24122ED700808B38 /* Cell */ = {
			isa = PBXGroup;
			children = (
				509D5455240FDFBC0095A91F /* InspirationCell.swift */,
				509D5440240FB17F0095A91F /* CustomCollectionViewCell.swift */,
				50FD42B32410F49F00CBF467 /* AnswerCell.swift */,
				50FD42B42410F49F00CBF467 /* AnswerCell.xib */,
				500BD5482413871C000729E9 /* TagCell.swift */,
				500BD5492413871C000729E9 /* TagCell.xib */,
			);
			path = Cell;
			sourceTree = "<group>";
		};
		503D929C24122EEC00808B38 /* TableView */ = {
			isa = PBXGroup;
			children = (
				503D92922411221300808B38 /* DetailViewController+TableViewDataSource.swift */,
				503D929824122D7700808B38 /* DetailViewController+TableViewDelegate.swift */,
			);
			path = TableView;
			sourceTree = "<group>";
		};
		503D929D24122F0500808B38 /* CollectionView */ = {
			isa = PBXGroup;
			children = (
				509D5442240FB2260095A91F /* CustomCollectionViewLayout.swift */,
			);
			path = CollectionView;
			sourceTree = "<group>";
		};
		509D5417240FA1530095A91F = {
			isa = PBXGroup;
			children = (
				509D5422240FA1530095A91F /* StackOverflowLite */,
				509D5421240FA1530095A91F /* Products */,
			);
			sourceTree = "<group>";
		};
		509D5421240FA1530095A91F /* Products */ = {
			isa = PBXGroup;
			children = (
				509D5420240FA1530095A91F /* StackOverflowLite.app */,
			);
			name = Products;
			sourceTree = "<group>";
		};
		509D5422240FA1530095A91F /* StackOverflowLite */ = {
			isa = PBXGroup;
			children = (
				509D545E241007D80095A91F /* Networking */,
				509D544A240FDDC50095A91F /* Assets */,
				509D543E240FA1FE0095A91F /* Model */,
				509D543C240FA1D60095A91F /* Supporting Files */,
				509D543F240FA2030095A91F /* ViewModel */,
				509D543D240FA1ED0095A91F /* View */,
				509D5434240FA1550095A91F /* Info.plist */,
			);
			path = StackOverflowLite;
			sourceTree = "<group>";
		};
		509D543C240FA1D60095A91F /* Supporting Files */ = {
			isa = PBXGroup;
			children = (
				509D5423240FA1530095A91F /* AppDelegate.swift */,
				509D5425240FA1530095A91F /* SceneDelegate.swift */,
				509D542F240FA1550095A91F /* Assets.xcassets */,
				509D5431240FA1550095A91F /* LaunchScreen.storyboard */,
				509D5457240FE0B70095A91F /* UIColor+Palette.swift */,
				509D5458240FE0B70095A91F /* UIImage+Decompression.swift */,
			);
			path = "Supporting Files";
			sourceTree = "<group>";
		};
		509D543D240FA1ED0095A91F /* View */ = {
			isa = PBXGroup;
			children = (
				503D929D24122F0500808B38 /* CollectionView */,
				503D929C24122EEC00808B38 /* TableView */,
				503D929B24122ED700808B38 /* Cell */,
				503D929A24122EC400808B38 /* ViewControllers */,
				509D5429240FA1530095A91F /* Main.storyboard */,
			);
			path = View;
			sourceTree = "<group>";
		};
		509D543E240FA1FE0095A91F /* Model */ = {
			isa = PBXGroup;
			children = (
				509D546724100A490095A91F /* Response.swift */,
				509D542C240FA1530095A91F /* StackOverflowLite.xcdatamodeld */,
				509D5465241009900095A91F /* Question.swift */,
				503D92942411375600808B38 /* Answer.swift */,
				503D92A02412416600808B38 /* AnswerInfo.swift */,
				503D92A22412435E00808B38 /* User.swift */,
			);
			path = Model;
			sourceTree = "<group>";
		};
		509D543F240FA2030095A91F /* ViewModel */ = {
			isa = PBXGroup;
			children = (
				509D543A240FA1D10095A91F /* ViewControllerViewModel.swift */,
				509D546924100D5A0095A91F /* QuestionsColletionViewCellModel.swift */,
				503D929624114BE700808B38 /* AnswersTableViewCellModel.swift */,
			);
			path = ViewModel;
			sourceTree = "<group>";
		};
		509D544A240FDDC50095A91F /* Assets */ = {
			isa = PBXGroup;
			children = (
			);
			path = Assets;
			sourceTree = "<group>";
		};
		509D545E241007D80095A91F /* Networking */ = {
			isa = PBXGroup;
			children = (
				509D545F241007E70095A91F /* EndpointType.swift */,
				509D5460241007E70095A91F /* StackOverflowAPI.swift */,
				509D5461241007E70095A91F /* Networking.swift */,
			);
			path = Networking;
			sourceTree = "<group>";
		};
/* End PBXGroup section */

/* Begin PBXNativeTarget section */
		509D541F240FA1530095A91F /* StackOverflowLite */ = {
			isa = PBXNativeTarget;
			buildConfigurationList = 509D5437240FA1550095A91F /* Build configuration list for PBXNativeTarget "StackOverflowLite" */;
			buildPhases = (
				509D541C240FA1530095A91F /* Sources */,
				509D541D240FA1530095A91F /* Frameworks */,
				509D541E240FA1530095A91F /* Resources */,
			);
			buildRules = (
			);
			dependencies = (
			);
			name = StackOverflowLite;
			productName = StackOverflowLite;
			productReference = 509D5420240FA1530095A91F /* StackOverflowLite.app */;
			productType = "com.apple.product-type.application";
		};
/* End PBXNativeTarget section */

/* Begin PBXProject section */
		509D5418240FA1530095A91F /* Project object */ = {
			isa = PBXProject;
			attributes = {
				LastSwiftUpdateCheck = 1130;
				LastUpgradeCheck = 1130;
				ORGANIZATIONNAME = chulkov;
				TargetAttributes = {
					509D541F240FA1530095A91F = {
						CreatedOnToolsVersion = 11.3;
					};
				};
			};
			buildConfigurationList = 509D541B240FA1530095A91F /* Build configuration list for PBXProject "StackOverflowLite" */;
			compatibilityVersion = "Xcode 9.3";
			developmentRegion = en;
			hasScannedForEncodings = 0;
			knownRegions = (
				en,
				Base,
			);
			mainGroup = 509D5417240FA1530095A91F;
			productRefGroup = 509D5421240FA1530095A91F /* Products */;
			projectDirPath = "";
			projectRoot = "";
			targets = (
				509D541F240FA1530095A91F /* StackOverflowLite */,
			);
		};
/* End PBXProject section */

/* Begin PBXResourcesBuildPhase section */
		509D541E240FA1530095A91F /* Resources */ = {
			isa = PBXResourcesBuildPhase;
			buildActionMask = 2147483647;
			files = (
				509D5433240FA1550095A91F /* LaunchScreen.storyboard in Resources */,
				500BD54B2413871C000729E9 /* TagCell.xib in Resources */,
				509D5430240FA1550095A91F /* Assets.xcassets in Resources */,
				509D542B240FA1530095A91F /* Main.storyboard in Resources */,
				50FD42B62410F49F00CBF467 /* AnswerCell.xib in Resources */,
			);
			runOnlyForDeploymentPostprocessing = 0;
		};
/* End PBXResourcesBuildPhase section */

/* Begin PBXSourcesBuildPhase section */
		509D541C240FA1530095A91F /* Sources */ = {
			isa = PBXSourcesBuildPhase;
			buildActionMask = 2147483647;
			files = (
				509D5462241007E70095A91F /* EndpointType.swift in Sources */,
				509D5466241009900095A91F /* Question.swift in Sources */,
				509D543B240FA1D10095A91F /* ViewControllerViewModel.swift in Sources */,
				503D92A32412435E00808B38 /* User.swift in Sources */,
				503D929724114BE700808B38 /* AnswersTableViewCellModel.swift in Sources */,
				503D92952411375600808B38 /* Answer.swift in Sources */,
				509D546824100A490095A91F /* Response.swift in Sources */,
				503D929F24122FA900808B38 /* ProfileViewController.swift in Sources */,
				500BD54A2413871C000729E9 /* TagCell.swift in Sources */,
				503D92A12412416600808B38 /* AnswerInfo.swift in Sources */,
				509D545A240FE0B80095A91F /* UIImage+Decompression.swift in Sources */,
				509D5464241007E70095A91F /* Networking.swift in Sources */,
				509D5441240FB17F0095A91F /* CustomCollectionViewCell.swift in Sources */,
				509D5428240FA1530095A91F /* ViewController.swift in Sources */,
				509D5424240FA1530095A91F /* AppDelegate.swift in Sources */,
				50FD42B02410E16800CBF467 /* DetailViewController.swift in Sources */,
				50FD42B52410F49F00CBF467 /* AnswerCell.swift in Sources */,
				503D92932411221300808B38 /* DetailViewController+TableViewDataSource.swift in Sources */,
				503D929924122D7700808B38 /* DetailViewController+TableViewDelegate.swift in Sources */,
				509D542E240FA1530095A91F /* StackOverflowLite.xcdatamodeld in Sources */,
				509D5456240FDFBC0095A91F /* InspirationCell.swift in Sources */,
				509D546A24100D5A0095A91F /* QuestionsColletionViewCellModel.swift in Sources */,
				509D5426240FA1530095A91F /* SceneDelegate.swift in Sources */,
				509D5459240FE0B80095A91F /* UIColor+Palette.swift in Sources */,
				509D5463241007E70095A91F /* StackOverflowAPI.swift in Sources */,
				509D5443240FB2260095A91F /* CustomCollectionViewLayout.swift in Sources */,
			);
			runOnlyForDeploymentPostprocessing = 0;
		};
/* End PBXSourcesBuildPhase section */

/* Begin PBXVariantGroup section */
		509D5429240FA1530095A91F /* Main.storyboard */ = {
			isa = PBXVariantGroup;
			children = (
				509D542A240FA1530095A91F /* Base */,
			);
			name = Main.storyboard;
			sourceTree = "<group>";
		};
		509D5431240FA1550095A91F /* LaunchScreen.storyboard */ = {
			isa = PBXVariantGroup;
			children = (
				509D5432240FA1550095A91F /* Base */,
			);
			name = LaunchScreen.storyboard;
			sourceTree = "<group>";
		};
/* End PBXVariantGroup section */

/* Begin XCBuildConfiguration section */
		509D5435240FA1550095A91F /* Debug */ = {
			isa = XCBuildConfiguration;
			buildSettings = {
				ALWAYS_SEARCH_USER_PATHS = NO;
				CLANG_ANALYZER_NONNULL = YES;
				CLANG_ANALYZER_NUMBER_OBJECT_CONVERSION = YES_AGGRESSIVE;
				CLANG_CXX_LANGUAGE_STANDARD = "gnu++14";
				CLANG_CXX_LIBRARY = "libc++";
				CLANG_ENABLE_MODULES = YES;
				CLANG_ENABLE_OBJC_ARC = YES;
				CLANG_ENABLE_OBJC_WEAK = YES;
				CLANG_WARN_BLOCK_CAPTURE_AUTORELEASING = YES;
				CLANG_WARN_BOOL_CONVERSION = YES;
				CLANG_WARN_COMMA = YES;
				CLANG_WARN_CONSTANT_CONVERSION = YES;
				CLANG_WARN_DEPRECATED_OBJC_IMPLEMENTATIONS = YES;
				CLANG_WARN_DIRECT_OBJC_ISA_USAGE = YES_ERROR;
				CLANG_WARN_DOCUMENTATION_COMMENTS = YES;
				CLANG_WARN_EMPTY_BODY = YES;
				CLANG_WARN_ENUM_CONVERSION = YES;
				CLANG_WARN_INFINITE_RECURSION = YES;
				CLANG_WARN_INT_CONVERSION = YES;
				CLANG_WARN_NON_LITERAL_NULL_CONVERSION = YES;
				CLANG_WARN_OBJC_IMPLICIT_RETAIN_SELF = YES;
				CLANG_WARN_OBJC_LITERAL_CONVERSION = YES;
				CLANG_WARN_OBJC_ROOT_CLASS = YES_ERROR;
				CLANG_WARN_RANGE_LOOP_ANALYSIS = YES;
				CLANG_WARN_STRICT_PROTOTYPES = YES;
				CLANG_WARN_SUSPICIOUS_MOVE = YES;
				CLANG_WARN_UNGUARDED_AVAILABILITY = YES_AGGRESSIVE;
				CLANG_WARN_UNREACHABLE_CODE = YES;
				CLANG_WARN__DUPLICATE_METHOD_MATCH = YES;
				COPY_PHASE_STRIP = NO;
				DEBUG_INFORMATION_FORMAT = dwarf;
				ENABLE_STRICT_OBJC_MSGSEND = YES;
				ENABLE_TESTABILITY = YES;
				GCC_C_LANGUAGE_STANDARD = gnu11;
				GCC_DYNAMIC_NO_PIC = NO;
				GCC_NO_COMMON_BLOCKS = YES;
				GCC_OPTIMIZATION_LEVEL = 0;
				GCC_PREPROCESSOR_DEFINITIONS = (
					"DEBUG=1",
					"$(inherited)",
				);
				GCC_WARN_64_TO_32_BIT_CONVERSION = YES;
				GCC_WARN_ABOUT_RETURN_TYPE = YES_ERROR;
				GCC_WARN_UNDECLARED_SELECTOR = YES;
				GCC_WARN_UNINITIALIZED_AUTOS = YES_AGGRESSIVE;
				GCC_WARN_UNUSED_FUNCTION = YES;
				GCC_WARN_UNUSED_VARIABLE = YES;
				IPHONEOS_DEPLOYMENT_TARGET = 13.2;
				MTL_ENABLE_DEBUG_INFO = INCLUDE_SOURCE;
				MTL_FAST_MATH = YES;
				ONLY_ACTIVE_ARCH = YES;
				SDKROOT = iphoneos;
				SWIFT_ACTIVE_COMPILATION_CONDITIONS = DEBUG;
				SWIFT_OPTIMIZATION_LEVEL = "-Onone";
			};
			name = Debug;
		};
		509D5436240FA1550095A91F /* Release */ = {
			isa = XCBuildConfiguration;
			buildSettings = {
				ALWAYS_SEARCH_USER_PATHS = NO;
				CLANG_ANALYZER_NONNULL = YES;
				CLANG_ANALYZER_NUMBER_OBJECT_CONVERSION = YES_AGGRESSIVE;
				CLANG_CXX_LANGUAGE_STANDARD = "gnu++14";
				CLANG_CXX_LIBRARY = "libc++";
				CLANG_ENABLE_MODULES = YES;
				CLANG_ENABLE_OBJC_ARC = YES;
				CLANG_ENABLE_OBJC_WEAK = YES;
				CLANG_WARN_BLOCK_CAPTURE_AUTORELEASING = YES;
				CLANG_WARN_BOOL_CONVERSION = YES;
				CLANG_WARN_COMMA = YES;
				CLANG_WARN_CONSTANT_CONVERSION = YES;
				CLANG_WARN_DEPRECATED_OBJC_IMPLEMENTATIONS = YES;
				CLANG_WARN_DIRECT_OBJC_ISA_USAGE = YES_ERROR;
				CLANG_WARN_DOCUMENTATION_COMMENTS = YES;
				CLANG_WARN_EMPTY_BODY = YES;
				CLANG_WARN_ENUM_CONVERSION = YES;
				CLANG_WARN_INFINITE_RECURSION = YES;
				CLANG_WARN_INT_CONVERSION = YES;
				CLANG_WARN_NON_LITERAL_NULL_CONVERSION = YES;
				CLANG_WARN_OBJC_IMPLICIT_RETAIN_SELF = YES;
				CLANG_WARN_OBJC_LITERAL_CONVERSION = YES;
				CLANG_WARN_OBJC_ROOT_CLASS = YES_ERROR;
				CLANG_WARN_RANGE_LOOP_ANALYSIS = YES;
				CLANG_WARN_STRICT_PROTOTYPES = YES;
				CLANG_WARN_SUSPICIOUS_MOVE = YES;
				CLANG_WARN_UNGUARDED_AVAILABILITY = YES_AGGRESSIVE;
				CLANG_WARN_UNREACHABLE_CODE = YES;
				CLANG_WARN__DUPLICATE_METHOD_MATCH = YES;
				COPY_PHASE_STRIP = NO;
				DEBUG_INFORMATION_FORMAT = "dwarf-with-dsym";
				ENABLE_NS_ASSERTIONS = NO;
				ENABLE_STRICT_OBJC_MSGSEND = YES;
				GCC_C_LANGUAGE_STANDARD = gnu11;
				GCC_NO_COMMON_BLOCKS = YES;
				GCC_WARN_64_TO_32_BIT_CONVERSION = YES;
				GCC_WARN_ABOUT_RETURN_TYPE = YES_ERROR;
				GCC_WARN_UNDECLARED_SELECTOR = YES;
				GCC_WARN_UNINITIALIZED_AUTOS = YES_AGGRESSIVE;
				GCC_WARN_UNUSED_FUNCTION = YES;
				GCC_WARN_UNUSED_VARIABLE = YES;
				IPHONEOS_DEPLOYMENT_TARGET = 13.2;
				MTL_ENABLE_DEBUG_INFO = NO;
				MTL_FAST_MATH = YES;
				SDKROOT = iphoneos;
				SWIFT_COMPILATION_MODE = wholemodule;
				SWIFT_OPTIMIZATION_LEVEL = "-O";
				VALIDATE_PRODUCT = YES;
			};
			name = Release;
		};
		509D5438240FA1550095A91F /* Debug */ = {
			isa = XCBuildConfiguration;
			buildSettings = {
				ASSETCATALOG_COMPILER_APPICON_NAME = AppIcon;
				CODE_SIGN_STYLE = Automatic;
				DEVELOPMENT_TEAM = Z7KA64TA2D;
				INFOPLIST_FILE = StackOverflowLite/Info.plist;
				IPHONEOS_DEPLOYMENT_TARGET = 13.2;
				LD_RUNPATH_SEARCH_PATHS = (
					"$(inherited)",
					"@executable_path/Frameworks",
				);
				PRODUCT_BUNDLE_IDENTIFIER = com.chlkv.StackOverflowLite;
				PRODUCT_NAME = "$(TARGET_NAME)";
				SWIFT_VERSION = 5.0;
				TARGETED_DEVICE_FAMILY = "1,2";
			};
			name = Debug;
		};
		509D5439240FA1550095A91F /* Release */ = {
			isa = XCBuildConfiguration;
			buildSettings = {
				ASSETCATALOG_COMPILER_APPICON_NAME = AppIcon;
				CODE_SIGN_STYLE = Automatic;
				DEVELOPMENT_TEAM = Z7KA64TA2D;
				INFOPLIST_FILE = StackOverflowLite/Info.plist;
				IPHONEOS_DEPLOYMENT_TARGET = 13.2;
				LD_RUNPATH_SEARCH_PATHS = (
					"$(inherited)",
					"@executable_path/Frameworks",
				);
				PRODUCT_BUNDLE_IDENTIFIER = com.chlkv.StackOverflowLite;
				PRODUCT_NAME = "$(TARGET_NAME)";
				SWIFT_VERSION = 5.0;
				TARGETED_DEVICE_FAMILY = "1,2";
			};
			name = Release;
		};
/* End XCBuildConfiguration section */

/* Begin XCConfigurationList section */
		509D541B240FA1530095A91F /* Build configuration list for PBXProject "StackOverflowLite" */ = {
			isa = XCConfigurationList;
			buildConfigurations = (
				509D5435240FA1550095A91F /* Debug */,
				509D5436240FA1550095A91F /* Release */,
			);
			defaultConfigurationIsVisible = 0;
			defaultConfigurationName = Release;
		};
		509D5437240FA1550095A91F /* Build configuration list for PBXNativeTarget "StackOverflowLite" */ = {
			isa = XCConfigurationList;
			buildConfigurations = (
				509D5438240FA1550095A91F /* Debug */,
				509D5439240FA1550095A91F /* Release */,
			);
			defaultConfigurationIsVisible = 0;
			defaultConfigurationName = Release;
		};
/* End XCConfigurationList section */

/* Begin XCVersionGroup section */
		509D542C240FA1530095A91F /* StackOverflowLite.xcdatamodeld */ = {
			isa = XCVersionGroup;
			children = (
				509D542D240FA1530095A91F /* StackOverflowLite.xcdatamodel */,
			);
			currentVersion = 509D542D240FA1530095A91F /* StackOverflowLite.xcdatamodel */;
			path = StackOverflowLite.xcdatamodeld;
			sourceTree = "<group>";
			versionGroupType = wrapper.xcdatamodel;
		};
/* End XCVersionGroup section */
	};
	rootObject = 509D5418240FA1530095A91F /* Project object */;
}
